
Microsoft Visual Studio Solution File, Format Version 12.00
# Visual Studio Version 16
VisualStudioVersion = 16.0.29709.97
MinimumVisualStudioVersion = 10.0.40219.1
Project("{2150E333-8FDC-42A3-9474-1A3956D46DE8}") = "1 - Infrastructure", "1 - Infrastructure", "{F8A32ACB-22B2-4A31-8D12-13409711EE9E}"
EndProject
Project("{2150E333-8FDC-42A3-9474-1A3956D46DE8}") = "2 - Domain", "2 - Domain", "{778D4DD0-8F26-47D9-8DC9-B25C5E20C60E}"
EndProject
Project("{2150E333-8FDC-42A3-9474-1A3956D46DE8}") = "3 - Application", "3 - Application", "{FF7307E4-DCE8-4DCD-8BB8-F953B53B3ADB}"
EndProject
Project("{2150E333-8FDC-42A3-9474-1A3956D46DE8}") = "4 - API", "4 - API", "{1A2FFD9C-3642-45F6-AFE7-40BC99C9C06C}"
EndProject
Project("{2150E333-8FDC-42A3-9474-1A3956D46DE8}") = "5 - Presentation", "5 - Presentation", "{934D0B51-27E3-4279-A724-57AEA1B1AA3D}"
EndProject
Project("{2150E333-8FDC-42A3-9474-1A3956D46DE8}") = "Solution Items", "Solution Items", "{A192ED4F-E37E-45F1-9B23-87D1945866FF}"
	ProjectSection(SolutionItems) = preProject
		README.md = README.md
	EndProjectSection
EndProject
Project("{9A19103F-16F7-4668-BE54-9A1E7A4F7556}") = "AppCore.Infrastructure", "AppCore.Infrastructure\AppCore.Infrastructure.csproj", "{5B912909-31CF-4F44-8018-56038BA17122}"
EndProject
Project("{9A19103F-16F7-4668-BE54-9A1E7A4F7556}") = "AppCore.Data", "AppCore.Data\AppCore.Data.csproj", "{B1E129B2-C5B1-4BFE-B5DB-58E3177BA161}"
EndProject
Project("{9A19103F-16F7-4668-BE54-9A1E7A4F7556}") = "AppCore.Data.EF", "AppCore.Data.EF\AppCore.Data.EF.csproj", "{46CC8AEA-8C17-431A-BD77-9F4C07882A4B}"
EndProject
Project("{9A19103F-16F7-4668-BE54-9A1E7A4F7556}") = "WebApp", "WebApp\WebApp.csproj", "{095FE6BF-DF52-4B01-85F1-8BB31FCC6952}"
EndProject
Project("{9A19103F-16F7-4668-BE54-9A1E7A4F7556}") = "WebApi", "WebApi\WebApi.csproj", "{7F6EB466-EE06-4D1C-BCD2-03AA5C3EC629}"
EndProject
Project("{9A19103F-16F7-4668-BE54-9A1E7A4F7556}") = "AppCore.Application", "AppCore.Application\AppCore.Application.csproj", "{AA0198CC-0219-4BDF-97BE-F4609B9FDFA4}"
EndProject
Project("{9A19103F-16F7-4668-BE54-9A1E7A4F7556}") = "AppCore.Application.Dapper", "AppCore.Application.Dapper\AppCore.Application.Dapper.csproj", "{F0A74BA5-BEF1-4E8A-BA44-87729BDB32AC}"
EndProject
Project("{FAE04EC0-301F-11D3-BF4B-00C04F79EFBC}") = "AppCore.Utilities", "AppCore.Utilities\AppCore.Utilities.csproj", "{6F593056-0E09-4B1A-99CB-27FB80FA22E8}"
EndProject
Global
	GlobalSection(SolutionConfigurationPlatforms) = preSolution
		Debug|Any CPU = Debug|Any CPU
		Release|Any CPU = Release|Any CPU
	EndGlobalSection
	GlobalSection(ProjectConfigurationPlatforms) = postSolution
		{5B912909-31CF-4F44-8018-56038BA17122}.Debug|Any CPU.ActiveCfg = Debug|Any CPU
		{5B912909-31CF-4F44-8018-56038BA17122}.Debug|Any CPU.Build.0 = Debug|Any CPU
		{5B912909-31CF-4F44-8018-56038BA17122}.Release|Any CPU.ActiveCfg = Release|Any CPU
		{5B912909-31CF-4F44-8018-56038BA17122}.Release|Any CPU.Build.0 = Release|Any CPU
		{B1E129B2-C5B1-4BFE-B5DB-58E3177BA161}.Debug|Any CPU.ActiveCfg = Debug|Any CPU
		{B1E129B2-C5B1-4BFE-B5DB-58E3177BA161}.Debug|Any CPU.Build.0 = Debug|Any CPU
		{B1E129B2-C5B1-4BFE-B5DB-58E3177BA161}.Release|Any CPU.ActiveCfg = Release|Any CPU
		{B1E129B2-C5B1-4BFE-B5DB-58E3177BA161}.Release|Any CPU.Build.0 = Release|Any CPU
		{46CC8AEA-8C17-431A-BD77-9F4C07882A4B}.Debug|Any CPU.ActiveCfg = Debug|Any CPU
		{46CC8AEA-8C17-431A-BD77-9F4C07882A4B}.Debug|Any CPU.Build.0 = Debug|Any CPU
		{46CC8AEA-8C17-431A-BD77-9F4C07882A4B}.Release|Any CPU.ActiveCfg = Release|Any CPU
		{46CC8AEA-8C17-431A-BD77-9F4C07882A4B}.Release|Any CPU.Build.0 = Release|Any CPU
		{095FE6BF-DF52-4B01-85F1-8BB31FCC6952}.Debug|Any CPU.ActiveCfg = Debug|Any CPU
		{095FE6BF-DF52-4B01-85F1-8BB31FCC6952}.Debug|Any CPU.Build.0 = Debug|Any CPU
		{095FE6BF-DF52-4B01-85F1-8BB31FCC6952}.Release|Any CPU.ActiveCfg = Release|Any CPU
		{095FE6BF-DF52-4B01-85F1-8BB31FCC6952}.Release|Any CPU.Build.0 = Release|Any CPU
		{7F6EB466-EE06-4D1C-BCD2-03AA5C3EC629}.Debug|Any CPU.ActiveCfg = Debug|Any CPU
		{7F6EB466-EE06-4D1C-BCD2-03AA5C3EC629}.Debug|Any CPU.Build.0 = Debug|Any CPU
		{7F6EB466-EE06-4D1C-BCD2-03AA5C3EC629}.Release|Any CPU.ActiveCfg = Release|Any CPU
		{7F6EB466-EE06-4D1C-BCD2-03AA5C3EC629}.Release|Any CPU.Build.0 = Release|Any CPU
		{AA0198CC-0219-4BDF-97BE-F4609B9FDFA4}.Debug|Any CPU.ActiveCfg = Debug|Any CPU
		{AA0198CC-0219-4BDF-97BE-F4609B9FDFA4}.Debug|Any CPU.Build.0 = Debug|Any CPU
		{AA0198CC-0219-4BDF-97BE-F4609B9FDFA4}.Release|Any CPU.ActiveCfg = Release|Any CPU
		{AA0198CC-0219-4BDF-97BE-F4609B9FDFA4}.Release|Any CPU.Build.0 = Release|Any CPU
		{F0A74BA5-BEF1-4E8A-BA44-87729BDB32AC}.Debug|Any CPU.ActiveCfg = Debug|Any CPU
		{F0A74BA5-BEF1-4E8A-BA44-87729BDB32AC}.Debug|Any CPU.Build.0 = Debug|Any CPU
		{F0A74BA5-BEF1-4E8A-BA44-87729BDB32AC}.Release|Any CPU.ActiveCfg = Release|Any CPU
		{F0A74BA5-BEF1-4E8A-BA44-87729BDB32AC}.Release|Any CPU.Build.0 = Release|Any CPU
		{6F593056-0E09-4B1A-99CB-27FB80FA22E8}.Debug|Any CPU.ActiveCfg = Debug|Any CPU
		{6F593056-0E09-4B1A-99CB-27FB80FA22E8}.Debug|Any CPU.Build.0 = Debug|Any CPU
		{6F593056-0E09-4B1A-99CB-27FB80FA22E8}.Release|Any CPU.ActiveCfg = Release|Any CPU
		{6F593056-0E09-4B1A-99CB-27FB80FA22E8}.Release|Any CPU.Build.0 = Release|Any CPU
	EndGlobalSection
	GlobalSection(SolutionProperties) = preSolution
		HideSolutionNode = FALSE
	EndGlobalSection
	GlobalSection(NestedProjects) = preSolution
		{5B912909-31CF-4F44-8018-56038BA17122} = {F8A32ACB-22B2-4A31-8D12-13409711EE9E}
		{B1E129B2-C5B1-4BFE-B5DB-58E3177BA161} = {778D4DD0-8F26-47D9-8DC9-B25C5E20C60E}
		{46CC8AEA-8C17-431A-BD77-9F4C07882A4B} = {778D4DD0-8F26-47D9-8DC9-B25C5E20C60E}
		{095FE6BF-DF52-4B01-85F1-8BB31FCC6952} = {934D0B51-27E3-4279-A724-57AEA1B1AA3D}
		{7F6EB466-EE06-4D1C-BCD2-03AA5C3EC629} = {1A2FFD9C-3642-45F6-AFE7-40BC99C9C06C}
		{AA0198CC-0219-4BDF-97BE-F4609B9FDFA4} = {FF7307E4-DCE8-4DCD-8BB8-F953B53B3ADB}
		{F0A74BA5-BEF1-4E8A-BA44-87729BDB32AC} = {FF7307E4-DCE8-4DCD-8BB8-F953B53B3ADB}
		{6F593056-0E09-4B1A-99CB-27FB80FA22E8} = {F8A32ACB-22B2-4A31-8D12-13409711EE9E}
	EndGlobalSection
	GlobalSection(ExtensibilityGlobals) = postSolution
		SolutionGuid = {02F37195-A5E3-4443-BDA4-65A1BB2E20A7}
	EndGlobalSection
EndGlobal
